{
  "requires": true,
  "lockfileVersion": 1,
  "dependencies": {
    "type-from": {
      "version": "1.0.1",
      "resolved": "https://registry.npmjs.org/type-from/-/type-from-1.0.1.tgz",
      "integrity": "sha512-y5l707QD8PJgxWg7NLxu9gypts8W+CvfVUGOV7aD2u/JkPP0jmHAtMSv10vqyVIYA/tV5fMW2eke5kcu2PGfDw=="
    }
  }
}
